
Microsoft Visual Studio Solution File, Format Version 12.00
# Visual Studio Version 17
VisualStudioVersion = 17.5.002.0
MinimumVisualStudioVersion = 10.0.40219.1
Project("{2150E333-8FDC-42A3-9474-1A3956D46DE8}") = "Labfiles", "Labfiles", "{7A2A93AB-5D32-4460-8DA6-F1EF7B6A4FD6}"
EndProject
Project("{2150E333-8FDC-42A3-9474-1A3956D46DE8}") = "03-language", "03-language", "{955C3D92-6788-4FEC-B178-9370BEBC3912}"
EndProject
Project("{2150E333-8FDC-42A3-9474-1A3956D46DE8}") = "C-Sharp", "C-Sharp", "{02955008-7324-4383-BB49-A777910ECA23}"
EndProject
Project("{9A19103F-16F7-4668-BE54-9A1E7A4F7556}") = "clock_client", "Labfiles\03-language\C-Sharp\clock-client\clock_client.csproj", "{D6D0E8E1-91C7-4CE9-BBB9-08F1DE781A1A}"
EndProject
Project("{2150E333-8FDC-42A3-9474-1A3956D46DE8}") = "08-speech-translation", "08-speech-translation", "{02E5A6DA-6CD9-4A65-B486-0BE73FC8C25B}"
EndProject
Project("{2150E333-8FDC-42A3-9474-1A3956D46DE8}") = "C-Sharp", "C-Sharp", "{3C5DC95E-DAF1-4892-9E30-31185A7CF3F3}"
EndProject
Project("{9A19103F-16F7-4668-BE54-9A1E7A4F7556}") = "translator", "Labfiles\08-speech-translation\C-Sharp\translator\translator.csproj", "{ACBFCCDF-687B-460D-9080-179676C3E746}"
EndProject
Project("{2150E333-8FDC-42A3-9474-1A3956D46DE8}") = "07-speech", "07-speech", "{09A2E92B-B8DD-4FED-AC79-A85FDA23A3E8}"
EndProject
Project("{2150E333-8FDC-42A3-9474-1A3956D46DE8}") = "C-Sharp", "C-Sharp", "{F4647D33-D6E0-4F9F-8D36-998EEE04B9C8}"
EndProject
Project("{9A19103F-16F7-4668-BE54-9A1E7A4F7556}") = "speaking-clock", "Labfiles\07-speech\C-Sharp\speaking-clock\speaking-clock.csproj", "{C96A9E02-5954-4BCF-A1AC-114030F33C00}"
EndProject
Project("{2150E333-8FDC-42A3-9474-1A3956D46DE8}") = "06-translate-text", "06-translate-text", "{1742F653-1020-4EE0-88F8-E5D12C0C9A24}"
EndProject
Project("{2150E333-8FDC-42A3-9474-1A3956D46DE8}") = "C-Sharp", "C-Sharp", "{97748D9E-C1A3-4F56-9E62-DBBBF9DD7266}"
EndProject
Project("{9A19103F-16F7-4668-BE54-9A1E7A4F7556}") = "translate_text", "Labfiles\06-translate-text\C-Sharp\text-translation\translate_text.csproj", "{19ECA350-B3EA-43FC-B4B6-ACAB2ECBA725}"
EndProject
Project("{2150E333-8FDC-42A3-9474-1A3956D46DE8}") = "01-analyze-text", "01-analyze-text", "{D1686304-E917-4E7C-8925-AE4F682AF359}"
EndProject
Project("{2150E333-8FDC-42A3-9474-1A3956D46DE8}") = "C-Sharp", "C-Sharp", "{7C87AA9A-5469-405E-8D7F-FEAF3C4E5DAA}"
EndProject
Project("{9A19103F-16F7-4668-BE54-9A1E7A4F7556}") = "text-analysis", "Labfiles\01-analyze-text\C-Sharp\text-analysis\text-analysis.csproj", "{9CFE2564-080A-4513-BB37-A0D60293584B}"
EndProject
Project("{2150E333-8FDC-42A3-9474-1A3956D46DE8}") = "05-custom-entity-recognition", "05-custom-entity-recognition", "{DA798741-C14A-4C67-A22C-35B44D64FFFB}"
EndProject
Project("{2150E333-8FDC-42A3-9474-1A3956D46DE8}") = "C-Sharp", "C-Sharp", "{EF803A3D-6287-45F5-8A68-26C9DD15FDDC}"
EndProject
Project("{9A19103F-16F7-4668-BE54-9A1E7A4F7556}") = "custom-entities", "Labfiles\05-custom-entity-recognition\C-Sharp\custom-entities\custom-entities.csproj", "{18BC51B1-7915-4B84-AD09-A2B6E529EA29}"
EndProject
Project("{2150E333-8FDC-42A3-9474-1A3956D46DE8}") = "02-qna", "02-qna", "{AA7D1618-BF0C-449C-82D0-74E62EC87FEA}"
EndProject
Project("{2150E333-8FDC-42A3-9474-1A3956D46DE8}") = "C-Sharp", "C-Sharp", "{E7767F09-D0AA-4D3A-A98B-3E17239E3AAC}"
EndProject
Project("{9A19103F-16F7-4668-BE54-9A1E7A4F7556}") = "qna-app", "Labfiles\02-qna\C-Sharp\qna-app\qna-app.csproj", "{84C23483-0827-435E-9475-1F1EACEBDE4B}"
EndProject
Project("{2150E333-8FDC-42A3-9474-1A3956D46DE8}") = "04-text-classification", "04-text-classification", "{36A64EE4-15D8-4078-BFC6-BF46E64E4CFF}"
EndProject
Project("{2150E333-8FDC-42A3-9474-1A3956D46DE8}") = "C-Sharp", "C-Sharp", "{1CF5F68D-BB42-4B75-9A01-F77E4B5A7DD5}"
EndProject
Project("{9A19103F-16F7-4668-BE54-9A1E7A4F7556}") = "classify-text", "Labfiles\04-text-classification\C-Sharp\classify-text\classify-text.csproj", "{FAC82D6F-6E32-4287-9FF5-4BCDD7A0DE85}"
EndProject
Project("{2150E333-8FDC-42A3-9474-1A3956D46DE8}") = "06b-translator-sdk", "06b-translator-sdk", "{48618D32-16EA-4970-9A53-910195B19CA8}"
EndProject
Project("{2150E333-8FDC-42A3-9474-1A3956D46DE8}") = "C-Sharp", "C-Sharp", "{5D0B2645-7D0E-4BCE-8C91-1A744D7AAE78}"
EndProject
Project("{9A19103F-16F7-4668-BE54-9A1E7A4F7556}") = "translate_text", "Labfiles\06b-translator-sdk\C-Sharp\translate-text\translate_text.csproj", "{6D878BBE-C00E-480E-847E-AC3B36C83DFB}"
EndProject
Global
	GlobalSection(SolutionConfigurationPlatforms) = preSolution
		Debug|Any CPU = Debug|Any CPU
		Release|Any CPU = Release|Any CPU
	EndGlobalSection
	GlobalSection(ProjectConfigurationPlatforms) = postSolution
		{D6D0E8E1-91C7-4CE9-BBB9-08F1DE781A1A}.Debug|Any CPU.ActiveCfg = Debug|Any CPU
		{D6D0E8E1-91C7-4CE9-BBB9-08F1DE781A1A}.Debug|Any CPU.Build.0 = Debug|Any CPU
		{D6D0E8E1-91C7-4CE9-BBB9-08F1DE781A1A}.Release|Any CPU.ActiveCfg = Release|Any CPU
		{D6D0E8E1-91C7-4CE9-BBB9-08F1DE781A1A}.Release|Any CPU.Build.0 = Release|Any CPU
		{ACBFCCDF-687B-460D-9080-179676C3E746}.Debug|Any CPU.ActiveCfg = Debug|Any CPU
		{ACBFCCDF-687B-460D-9080-179676C3E746}.Debug|Any CPU.Build.0 = Debug|Any CPU
		{ACBFCCDF-687B-460D-9080-179676C3E746}.Release|Any CPU.ActiveCfg = Release|Any CPU
		{ACBFCCDF-687B-460D-9080-179676C3E746}.Release|Any CPU.Build.0 = Release|Any CPU
		{C96A9E02-5954-4BCF-A1AC-114030F33C00}.Debug|Any CPU.ActiveCfg = Debug|Any CPU
		{C96A9E02-5954-4BCF-A1AC-114030F33C00}.Debug|Any CPU.Build.0 = Debug|Any CPU
		{C96A9E02-5954-4BCF-A1AC-114030F33C00}.Release|Any CPU.ActiveCfg = Release|Any CPU
		{C96A9E02-5954-4BCF-A1AC-114030F33C00}.Release|Any CPU.Build.0 = Release|Any CPU
		{19ECA350-B3EA-43FC-B4B6-ACAB2ECBA725}.Debug|Any CPU.ActiveCfg = Debug|Any CPU
		{19ECA350-B3EA-43FC-B4B6-ACAB2ECBA725}.Debug|Any CPU.Build.0 = Debug|Any CPU
		{19ECA350-B3EA-43FC-B4B6-ACAB2ECBA725}.Release|Any CPU.ActiveCfg = Release|Any CPU
		{19ECA350-B3EA-43FC-B4B6-ACAB2ECBA725}.Release|Any CPU.Build.0 = Release|Any CPU
		{9CFE2564-080A-4513-BB37-A0D60293584B}.Debug|Any CPU.ActiveCfg = Debug|Any CPU
		{9CFE2564-080A-4513-BB37-A0D60293584B}.Debug|Any CPU.Build.0 = Debug|Any CPU
		{9CFE2564-080A-4513-BB37-A0D60293584B}.Release|Any CPU.ActiveCfg = Release|Any CPU
		{9CFE2564-080A-4513-BB37-A0D60293584B}.Release|Any CPU.Build.0 = Release|Any CPU
		{18BC51B1-7915-4B84-AD09-A2B6E529EA29}.Debug|Any CPU.ActiveCfg = Debug|Any CPU
		{18BC51B1-7915-4B84-AD09-A2B6E529EA29}.Debug|Any CPU.Build.0 = Debug|Any CPU
		{18BC51B1-7915-4B84-AD09-A2B6E529EA29}.Release|Any CPU.ActiveCfg = Release|Any CPU
		{18BC51B1-7915-4B84-AD09-A2B6E529EA29}.Release|Any CPU.Build.0 = Release|Any CPU
		{84C23483-0827-435E-9475-1F1EACEBDE4B}.Debug|Any CPU.ActiveCfg = Debug|Any CPU
		{84C23483-0827-435E-9475-1F1EACEBDE4B}.Debug|Any CPU.Build.0 = Debug|Any CPU
		{84C23483-0827-435E-9475-1F1EACEBDE4B}.Release|Any CPU.ActiveCfg = Release|Any CPU
		{84C23483-0827-435E-9475-1F1EACEBDE4B}.Release|Any CPU.Build.0 = Release|Any CPU
		{FAC82D6F-6E32-4287-9FF5-4BCDD7A0DE85}.Debug|Any CPU.ActiveCfg = Debug|Any CPU
		{FAC82D6F-6E32-4287-9FF5-4BCDD7A0DE85}.Debug|Any CPU.Build.0 = Debug|Any CPU
		{FAC82D6F-6E32-4287-9FF5-4BCDD7A0DE85}.Release|Any CPU.ActiveCfg = Release|Any CPU
		{FAC82D6F-6E32-4287-9FF5-4BCDD7A0DE85}.Release|Any CPU.Build.0 = Release|Any CPU
		{6D878BBE-C00E-480E-847E-AC3B36C83DFB}.Debug|Any CPU.ActiveCfg = Debug|Any CPU
		{6D878BBE-C00E-480E-847E-AC3B36C83DFB}.Debug|Any CPU.Build.0 = Debug|Any CPU
		{6D878BBE-C00E-480E-847E-AC3B36C83DFB}.Release|Any CPU.ActiveCfg = Release|Any CPU
		{6D878BBE-C00E-480E-847E-AC3B36C83DFB}.Release|Any CPU.Build.0 = Release|Any CPU
	EndGlobalSection
	GlobalSection(SolutionProperties) = preSolution
		HideSolutionNode = FALSE
	EndGlobalSection
	GlobalSection(NestedProjects) = preSolution
		{955C3D92-6788-4FEC-B178-9370BEBC3912} = {7A2A93AB-5D32-4460-8DA6-F1EF7B6A4FD6}
		{02955008-7324-4383-BB49-A777910ECA23} = {955C3D92-6788-4FEC-B178-9370BEBC3912}
		{D6D0E8E1-91C7-4CE9-BBB9-08F1DE781A1A} = {02955008-7324-4383-BB49-A777910ECA23}
		{02E5A6DA-6CD9-4A65-B486-0BE73FC8C25B} = {7A2A93AB-5D32-4460-8DA6-F1EF7B6A4FD6}
		{3C5DC95E-DAF1-4892-9E30-31185A7CF3F3} = {02E5A6DA-6CD9-4A65-B486-0BE73FC8C25B}
		{ACBFCCDF-687B-460D-9080-179676C3E746} = {3C5DC95E-DAF1-4892-9E30-31185A7CF3F3}
		{09A2E92B-B8DD-4FED-AC79-A85FDA23A3E8} = {7A2A93AB-5D32-4460-8DA6-F1EF7B6A4FD6}
		{F4647D33-D6E0-4F9F-8D36-998EEE04B9C8} = {09A2E92B-B8DD-4FED-AC79-A85FDA23A3E8}
		{C96A9E02-5954-4BCF-A1AC-114030F33C00} = {F4647D33-D6E0-4F9F-8D36-998EEE04B9C8}
		{1742F653-1020-4EE0-88F8-E5D12C0C9A24} = {7A2A93AB-5D32-4460-8DA6-F1EF7B6A4FD6}
		{97748D9E-C1A3-4F56-9E62-DBBBF9DD7266} = {1742F653-1020-4EE0-88F8-E5D12C0C9A24}
		{19ECA350-B3EA-43FC-B4B6-ACAB2ECBA725} = {97748D9E-C1A3-4F56-9E62-DBBBF9DD7266}
		{D1686304-E917-4E7C-8925-AE4F682AF359} = {7A2A93AB-5D32-4460-8DA6-F1EF7B6A4FD6}
		{7C87AA9A-5469-405E-8D7F-FEAF3C4E5DAA} = {D1686304-E917-4E7C-8925-AE4F682AF359}
		{9CFE2564-080A-4513-BB37-A0D60293584B} = {7C87AA9A-5469-405E-8D7F-FEAF3C4E5DAA}
		{DA798741-C14A-4C67-A22C-35B44D64FFFB} = {7A2A93AB-5D32-4460-8DA6-F1EF7B6A4FD6}
		{EF803A3D-6287-45F5-8A68-26C9DD15FDDC} = {DA798741-C14A-4C67-A22C-35B44D64FFFB}
		{18BC51B1-7915-4B84-AD09-A2B6E529EA29} = {EF803A3D-6287-45F5-8A68-26C9DD15FDDC}
		{AA7D1618-BF0C-449C-82D0-74E62EC87FEA} = {7A2A93AB-5D32-4460-8DA6-F1EF7B6A4FD6}
		{E7767F09-D0AA-4D3A-A98B-3E17239E3AAC} = {AA7D1618-BF0C-449C-82D0-74E62EC87FEA}
		{84C23483-0827-435E-9475-1F1EACEBDE4B} = {E7767F09-D0AA-4D3A-A98B-3E17239E3AAC}
		{36A64EE4-15D8-4078-BFC6-BF46E64E4CFF} = {7A2A93AB-5D32-4460-8DA6-F1EF7B6A4FD6}
		{1CF5F68D-BB42-4B75-9A01-F77E4B5A7DD5} = {36A64EE4-15D8-4078-BFC6-BF46E64E4CFF}
		{FAC82D6F-6E32-4287-9FF5-4BCDD7A0DE85} = {1CF5F68D-BB42-4B75-9A01-F77E4B5A7DD5}
		{48618D32-16EA-4970-9A53-910195B19CA8} = {7A2A93AB-5D32-4460-8DA6-F1EF7B6A4FD6}
		{5D0B2645-7D0E-4BCE-8C91-1A744D7AAE78} = {48618D32-16EA-4970-9A53-910195B19CA8}
		{6D878BBE-C00E-480E-847E-AC3B36C83DFB} = {5D0B2645-7D0E-4BCE-8C91-1A744D7AAE78}
	EndGlobalSection
	GlobalSection(ExtensibilityGlobals) = postSolution
		SolutionGuid = {EA71BA1F-D725-496E-AE6A-E5A84F715372}
	EndGlobalSection
EndGlobal
