
Microsoft Visual Studio Solution File, Format Version 12.00
# Visual Studio Version 17
VisualStudioVersion = 17.5.002.0
MinimumVisualStudioVersion = 10.0.40219.1
Project("{2150E333-8FDC-42A3-9474-1A3956D46DE8}") = "Labfiles", "Labfiles", "{2714EF4D-9681-4E77-AEAE-F041001E9F64}"
EndProject
Project("{2150E333-8FDC-42A3-9474-1A3956D46DE8}") = "04-face", "04-face", "{0FA9DF48-D04C-4AC0-8948-B0ED869C6A03}"
EndProject
Project("{2150E333-8FDC-42A3-9474-1A3956D46DE8}") = "C-Sharp", "C-Sharp", "{C36FB7EF-970F-494D-97DD-A17B0AFA62F0}"
EndProject
Project("{9A19103F-16F7-4668-BE54-9A1E7A4F7556}") = "analyze-faces", "Labfiles\04-face\C-Sharp\face-api\analyze-faces.csproj", "{13B9BB35-49EC-4E89-BF60-3B26A8498AB5}"
EndProject
Project("{9A19103F-16F7-4668-BE54-9A1E7A4F7556}") = "detect-people", "Labfiles\04-face\C-Sharp\computer-vision\detect-people.csproj", "{CBDC5372-15AD-408D-AB82-4BE6EA3D13A2}"
EndProject
Project("{2150E333-8FDC-42A3-9474-1A3956D46DE8}") = "01-analyze-images", "01-analyze-images", "{77CF88FB-800C-4155-9A75-4E3AEF41B347}"
EndProject
Project("{2150E333-8FDC-42A3-9474-1A3956D46DE8}") = "C-Sharp", "C-Sharp", "{67F9E150-63CF-48E3-8480-D015A3685F15}"
EndProject
Project("{9A19103F-16F7-4668-BE54-9A1E7A4F7556}") = "image-analysis", "Labfiles\01-analyze-images\C-Sharp\image-analysis\image-analysis.csproj", "{77E54F7C-9687-4526-9B68-7803BE544042}"
EndProject
Project("{2150E333-8FDC-42A3-9474-1A3956D46DE8}") = "07-custom-vision-image-classification", "07-custom-vision-image-classification", "{F714913A-F080-4E84-B9E7-1BCDD86FC037}"
EndProject
Project("{2150E333-8FDC-42A3-9474-1A3956D46DE8}") = "C-Sharp", "C-Sharp", "{8A0F5DE5-380E-4438-AEC7-EFFD0FCDD091}"
EndProject
Project("{9A19103F-16F7-4668-BE54-9A1E7A4F7556}") = "test-classifier", "Labfiles\07-custom-vision-image-classification\C-Sharp\test-classifier\test-classifier.csproj", "{F6C47473-AEBB-480E-B28A-3A4BAC8EFD96}"
EndProject
Project("{9A19103F-16F7-4668-BE54-9A1E7A4F7556}") = "train-classifier", "Labfiles\07-custom-vision-image-classification\C-Sharp\train-classifier\train-classifier.csproj", "{4FD78AE4-4DA8-4FFD-8D87-DE75A2157A04}"
EndProject
Project("{2150E333-8FDC-42A3-9474-1A3956D46DE8}") = "03-object-detection", "03-object-detection", "{08100A14-4EB4-4E7D-A266-80341C6BCFAB}"
EndProject
Project("{2150E333-8FDC-42A3-9474-1A3956D46DE8}") = "C-Sharp", "C-Sharp", "{79B73FF5-AF76-4E3D-AD7E-F43D37C66B50}"
EndProject
Project("{9A19103F-16F7-4668-BE54-9A1E7A4F7556}") = "train-detector", "Labfiles\03-object-detection\C-Sharp\train-detector\train-detector.csproj", "{2EE68DB5-CA20-4952-AFE6-E6701430D1EF}"
EndProject
Project("{9A19103F-16F7-4668-BE54-9A1E7A4F7556}") = "test-detector", "Labfiles\03-object-detection\C-Sharp\test-detector\test-detector.csproj", "{0590EC9A-7ED1-4674-A4D8-0321F4AE7EBB}"
EndProject
Project("{2150E333-8FDC-42A3-9474-1A3956D46DE8}") = "05-ocr", "05-ocr", "{5186BB7C-1D72-4EDF-9618-FFBE50E1C535}"
EndProject
Project("{2150E333-8FDC-42A3-9474-1A3956D46DE8}") = "C-Sharp", "C-Sharp", "{A7CAE016-E4EE-4050-8929-0B681A481ED2}"
EndProject
Project("{9A19103F-16F7-4668-BE54-9A1E7A4F7556}") = "read-text", "Labfiles\05-ocr\C-Sharp\read-text\read-text.csproj", "{CF8D6DD7-917A-4A29-892F-5DF641E9DA39}"
EndProject
Global
	GlobalSection(SolutionConfigurationPlatforms) = preSolution
		Debug|Any CPU = Debug|Any CPU
		Release|Any CPU = Release|Any CPU
	EndGlobalSection
	GlobalSection(ProjectConfigurationPlatforms) = postSolution
		{13B9BB35-49EC-4E89-BF60-3B26A8498AB5}.Debug|Any CPU.ActiveCfg = Debug|Any CPU
		{13B9BB35-49EC-4E89-BF60-3B26A8498AB5}.Debug|Any CPU.Build.0 = Debug|Any CPU
		{13B9BB35-49EC-4E89-BF60-3B26A8498AB5}.Release|Any CPU.ActiveCfg = Release|Any CPU
		{13B9BB35-49EC-4E89-BF60-3B26A8498AB5}.Release|Any CPU.Build.0 = Release|Any CPU
		{CBDC5372-15AD-408D-AB82-4BE6EA3D13A2}.Debug|Any CPU.ActiveCfg = Debug|Any CPU
		{CBDC5372-15AD-408D-AB82-4BE6EA3D13A2}.Debug|Any CPU.Build.0 = Debug|Any CPU
		{CBDC5372-15AD-408D-AB82-4BE6EA3D13A2}.Release|Any CPU.ActiveCfg = Release|Any CPU
		{CBDC5372-15AD-408D-AB82-4BE6EA3D13A2}.Release|Any CPU.Build.0 = Release|Any CPU
		{77E54F7C-9687-4526-9B68-7803BE544042}.Debug|Any CPU.ActiveCfg = Debug|Any CPU
		{77E54F7C-9687-4526-9B68-7803BE544042}.Debug|Any CPU.Build.0 = Debug|Any CPU
		{77E54F7C-9687-4526-9B68-7803BE544042}.Release|Any CPU.ActiveCfg = Release|Any CPU
		{77E54F7C-9687-4526-9B68-7803BE544042}.Release|Any CPU.Build.0 = Release|Any CPU
		{F6C47473-AEBB-480E-B28A-3A4BAC8EFD96}.Debug|Any CPU.ActiveCfg = Debug|Any CPU
		{F6C47473-AEBB-480E-B28A-3A4BAC8EFD96}.Debug|Any CPU.Build.0 = Debug|Any CPU
		{F6C47473-AEBB-480E-B28A-3A4BAC8EFD96}.Release|Any CPU.ActiveCfg = Release|Any CPU
		{F6C47473-AEBB-480E-B28A-3A4BAC8EFD96}.Release|Any CPU.Build.0 = Release|Any CPU
		{4FD78AE4-4DA8-4FFD-8D87-DE75A2157A04}.Debug|Any CPU.ActiveCfg = Debug|Any CPU
		{4FD78AE4-4DA8-4FFD-8D87-DE75A2157A04}.Debug|Any CPU.Build.0 = Debug|Any CPU
		{4FD78AE4-4DA8-4FFD-8D87-DE75A2157A04}.Release|Any CPU.ActiveCfg = Release|Any CPU
		{4FD78AE4-4DA8-4FFD-8D87-DE75A2157A04}.Release|Any CPU.Build.0 = Release|Any CPU
		{2EE68DB5-CA20-4952-AFE6-E6701430D1EF}.Debug|Any CPU.ActiveCfg = Debug|Any CPU
		{2EE68DB5-CA20-4952-AFE6-E6701430D1EF}.Debug|Any CPU.Build.0 = Debug|Any CPU
		{2EE68DB5-CA20-4952-AFE6-E6701430D1EF}.Release|Any CPU.ActiveCfg = Release|Any CPU
		{2EE68DB5-CA20-4952-AFE6-E6701430D1EF}.Release|Any CPU.Build.0 = Release|Any CPU
		{0590EC9A-7ED1-4674-A4D8-0321F4AE7EBB}.Debug|Any CPU.ActiveCfg = Debug|Any CPU
		{0590EC9A-7ED1-4674-A4D8-0321F4AE7EBB}.Debug|Any CPU.Build.0 = Debug|Any CPU
		{0590EC9A-7ED1-4674-A4D8-0321F4AE7EBB}.Release|Any CPU.ActiveCfg = Release|Any CPU
		{0590EC9A-7ED1-4674-A4D8-0321F4AE7EBB}.Release|Any CPU.Build.0 = Release|Any CPU
		{CF8D6DD7-917A-4A29-892F-5DF641E9DA39}.Debug|Any CPU.ActiveCfg = Debug|Any CPU
		{CF8D6DD7-917A-4A29-892F-5DF641E9DA39}.Debug|Any CPU.Build.0 = Debug|Any CPU
		{CF8D6DD7-917A-4A29-892F-5DF641E9DA39}.Release|Any CPU.ActiveCfg = Release|Any CPU
		{CF8D6DD7-917A-4A29-892F-5DF641E9DA39}.Release|Any CPU.Build.0 = Release|Any CPU
	EndGlobalSection
	GlobalSection(SolutionProperties) = preSolution
		HideSolutionNode = FALSE
	EndGlobalSection
	GlobalSection(NestedProjects) = preSolution
		{0FA9DF48-D04C-4AC0-8948-B0ED869C6A03} = {2714EF4D-9681-4E77-AEAE-F041001E9F64}
		{C36FB7EF-970F-494D-97DD-A17B0AFA62F0} = {0FA9DF48-D04C-4AC0-8948-B0ED869C6A03}
		{13B9BB35-49EC-4E89-BF60-3B26A8498AB5} = {C36FB7EF-970F-494D-97DD-A17B0AFA62F0}
		{CBDC5372-15AD-408D-AB82-4BE6EA3D13A2} = {C36FB7EF-970F-494D-97DD-A17B0AFA62F0}
		{77CF88FB-800C-4155-9A75-4E3AEF41B347} = {2714EF4D-9681-4E77-AEAE-F041001E9F64}
		{67F9E150-63CF-48E3-8480-D015A3685F15} = {77CF88FB-800C-4155-9A75-4E3AEF41B347}
		{77E54F7C-9687-4526-9B68-7803BE544042} = {67F9E150-63CF-48E3-8480-D015A3685F15}
		{F714913A-F080-4E84-B9E7-1BCDD86FC037} = {2714EF4D-9681-4E77-AEAE-F041001E9F64}
		{8A0F5DE5-380E-4438-AEC7-EFFD0FCDD091} = {F714913A-F080-4E84-B9E7-1BCDD86FC037}
		{F6C47473-AEBB-480E-B28A-3A4BAC8EFD96} = {8A0F5DE5-380E-4438-AEC7-EFFD0FCDD091}
		{4FD78AE4-4DA8-4FFD-8D87-DE75A2157A04} = {8A0F5DE5-380E-4438-AEC7-EFFD0FCDD091}
		{08100A14-4EB4-4E7D-A266-80341C6BCFAB} = {2714EF4D-9681-4E77-AEAE-F041001E9F64}
		{79B73FF5-AF76-4E3D-AD7E-F43D37C66B50} = {08100A14-4EB4-4E7D-A266-80341C6BCFAB}
		{2EE68DB5-CA20-4952-AFE6-E6701430D1EF} = {79B73FF5-AF76-4E3D-AD7E-F43D37C66B50}
		{0590EC9A-7ED1-4674-A4D8-0321F4AE7EBB} = {79B73FF5-AF76-4E3D-AD7E-F43D37C66B50}
		{5186BB7C-1D72-4EDF-9618-FFBE50E1C535} = {2714EF4D-9681-4E77-AEAE-F041001E9F64}
		{A7CAE016-E4EE-4050-8929-0B681A481ED2} = {5186BB7C-1D72-4EDF-9618-FFBE50E1C535}
		{CF8D6DD7-917A-4A29-892F-5DF641E9DA39} = {A7CAE016-E4EE-4050-8929-0B681A481ED2}
	EndGlobalSection
	GlobalSection(ExtensibilityGlobals) = postSolution
		SolutionGuid = {DBCA00CD-A563-492F-B693-C299B595891E}
	EndGlobalSection
EndGlobal
